
Microsoft Visual Studio Solution File, Format Version 12.00
# Visual Studio Version 17
VisualStudioVersion = 17.0.31903.59
MinimumVisualStudioVersion = 10.0.40219.1
Project("{2150E333-8FDC-42A3-9474-1A3956D46DE8}") = "Sources", "Sources", "{06172DFA-4601-41D6-95C8-E6C2ED3DFCD4}"
EndProject
Project("{FAE04EC0-301F-11D3-BF4B-00C04F79EFBC}") = "U8String", "Sources\U8String\U8String.csproj", "{81E066D3-28D5-49E5-A4B8-8FD3C96D4EEA}"
EndProject
Project("{FAE04EC0-301F-11D3-BF4B-00C04F79EFBC}") = "U8String.Optimization", "Sources\U8String.Optimization\U8String.Optimization.csproj", "{2FA720DA-D71C-417B-8F94-61049A973298}"
EndProject
Project("{FAE04EC0-301F-11D3-BF4B-00C04F79EFBC}") = "U8String.Benchmarks", "Benchmarks\U8String.Benchmarks.csproj", "{DA520453-F3E1-4DC1-991A-47D09B784839}"
EndProject
Project("{2150E333-8FDC-42A3-9474-1A3956D46DE8}") = "Tests", "Tests", "{CC3D7E4D-EDB1-4858-B822-D5A7B3C762A8}"
EndProject
Project("{FAE04EC0-301F-11D3-BF4B-00C04F79EFBC}") = "U8String.Tests", "Tests\U8String.Tests\U8String.Tests.csproj", "{FEA30D93-63B4-45F7-90BF-379A8C5CE668}"
EndProject
Project("{FAE04EC0-301F-11D3-BF4B-00C04F79EFBC}") = "U8String.Optimization.Tests", "Tests\U8String.Optimization.Tests\U8String.Optimization.Tests.csproj", "{C61473E1-BACA-4052-9870-406328BC9850}"
EndProject
Project("{2150E333-8FDC-42A3-9474-1A3956D46DE8}") = "Examples", "Examples", "{F3BAC14E-2D39-4807-984D-0C0B888AAAE6}"
EndProject
Project("{FAE04EC0-301F-11D3-BF4B-00C04F79EFBC}") = "TwitchChatReader", "Examples\TwitchChatReader\TwitchChatReader.csproj", "{6E9259B2-6605-4E8D-AC13-C83C9E95028A}"
EndProject
Project("{FAE04EC0-301F-11D3-BF4B-00C04F79EFBC}") = "SimpleRedis", "Examples\SimpleRedis\SimpleRedis.csproj", "{D2734D9E-17B5-4E91-8844-2CA2874B6331}"
EndProject
Project("{2150E333-8FDC-42A3-9474-1A3956D46DE8}") = "Interop", "Interop", "{FFBA51F5-B452-4A85-910F-D2A328275C4D}"
EndProject
Project("{FAE04EC0-301F-11D3-BF4B-00C04F79EFBC}") = "CSharp", "Examples\Interop\CSharp\CSharp.csproj", "{EFC41BF1-804C-4120-A0F3-4E8555C45AC5}"
EndProject
Global
	GlobalSection(SolutionConfigurationPlatforms) = preSolution
		Debug|Any CPU = Debug|Any CPU
		Release|Any CPU = Release|Any CPU
	EndGlobalSection
	GlobalSection(SolutionProperties) = preSolution
		HideSolutionNode = FALSE
	EndGlobalSection
	GlobalSection(ProjectConfigurationPlatforms) = postSolution
		{81E066D3-28D5-49E5-A4B8-8FD3C96D4EEA}.Debug|Any CPU.ActiveCfg = Debug|Any CPU
		{81E066D3-28D5-49E5-A4B8-8FD3C96D4EEA}.Debug|Any CPU.Build.0 = Debug|Any CPU
		{81E066D3-28D5-49E5-A4B8-8FD3C96D4EEA}.Release|Any CPU.ActiveCfg = Release|Any CPU
		{81E066D3-28D5-49E5-A4B8-8FD3C96D4EEA}.Release|Any CPU.Build.0 = Release|Any CPU
		{2FA720DA-D71C-417B-8F94-61049A973298}.Debug|Any CPU.ActiveCfg = Debug|Any CPU
		{2FA720DA-D71C-417B-8F94-61049A973298}.Debug|Any CPU.Build.0 = Debug|Any CPU
		{2FA720DA-D71C-417B-8F94-61049A973298}.Release|Any CPU.ActiveCfg = Release|Any CPU
		{2FA720DA-D71C-417B-8F94-61049A973298}.Release|Any CPU.Build.0 = Release|Any CPU
		{DA520453-F3E1-4DC1-991A-47D09B784839}.Debug|Any CPU.ActiveCfg = Debug|Any CPU
		{DA520453-F3E1-4DC1-991A-47D09B784839}.Debug|Any CPU.Build.0 = Debug|Any CPU
		{DA520453-F3E1-4DC1-991A-47D09B784839}.Release|Any CPU.ActiveCfg = Release|Any CPU
		{DA520453-F3E1-4DC1-991A-47D09B784839}.Release|Any CPU.Build.0 = Release|Any CPU
		{FEA30D93-63B4-45F7-90BF-379A8C5CE668}.Debug|Any CPU.ActiveCfg = Debug|Any CPU
		{FEA30D93-63B4-45F7-90BF-379A8C5CE668}.Debug|Any CPU.Build.0 = Debug|Any CPU
		{FEA30D93-63B4-45F7-90BF-379A8C5CE668}.Release|Any CPU.ActiveCfg = Release|Any CPU
		{FEA30D93-63B4-45F7-90BF-379A8C5CE668}.Release|Any CPU.Build.0 = Release|Any CPU
		{C61473E1-BACA-4052-9870-406328BC9850}.Debug|Any CPU.ActiveCfg = Debug|Any CPU
		{C61473E1-BACA-4052-9870-406328BC9850}.Debug|Any CPU.Build.0 = Debug|Any CPU
		{C61473E1-BACA-4052-9870-406328BC9850}.Release|Any CPU.ActiveCfg = Release|Any CPU
		{C61473E1-BACA-4052-9870-406328BC9850}.Release|Any CPU.Build.0 = Release|Any CPU
		{6E9259B2-6605-4E8D-AC13-C83C9E95028A}.Debug|Any CPU.ActiveCfg = Debug|Any CPU
		{6E9259B2-6605-4E8D-AC13-C83C9E95028A}.Debug|Any CPU.Build.0 = Debug|Any CPU
		{6E9259B2-6605-4E8D-AC13-C83C9E95028A}.Release|Any CPU.ActiveCfg = Release|Any CPU
		{6E9259B2-6605-4E8D-AC13-C83C9E95028A}.Release|Any CPU.Build.0 = Release|Any CPU
		{D2734D9E-17B5-4E91-8844-2CA2874B6331}.Debug|Any CPU.ActiveCfg = Debug|Any CPU
		{D2734D9E-17B5-4E91-8844-2CA2874B6331}.Debug|Any CPU.Build.0 = Debug|Any CPU
		{D2734D9E-17B5-4E91-8844-2CA2874B6331}.Release|Any CPU.ActiveCfg = Release|Any CPU
		{D2734D9E-17B5-4E91-8844-2CA2874B6331}.Release|Any CPU.Build.0 = Release|Any CPU
		{EFC41BF1-804C-4120-A0F3-4E8555C45AC5}.Debug|Any CPU.ActiveCfg = Debug|Any CPU
		{EFC41BF1-804C-4120-A0F3-4E8555C45AC5}.Debug|Any CPU.Build.0 = Debug|Any CPU
		{EFC41BF1-804C-4120-A0F3-4E8555C45AC5}.Release|Any CPU.ActiveCfg = Release|Any CPU
		{EFC41BF1-804C-4120-A0F3-4E8555C45AC5}.Release|Any CPU.Build.0 = Release|Any CPU
	EndGlobalSection
	GlobalSection(NestedProjects) = preSolution
		{81E066D3-28D5-49E5-A4B8-8FD3C96D4EEA} = {06172DFA-4601-41D6-95C8-E6C2ED3DFCD4}
		{2FA720DA-D71C-417B-8F94-61049A973298} = {06172DFA-4601-41D6-95C8-E6C2ED3DFCD4}
		{FEA30D93-63B4-45F7-90BF-379A8C5CE668} = {CC3D7E4D-EDB1-4858-B822-D5A7B3C762A8}
		{C61473E1-BACA-4052-9870-406328BC9850} = {CC3D7E4D-EDB1-4858-B822-D5A7B3C762A8}
		{6E9259B2-6605-4E8D-AC13-C83C9E95028A} = {F3BAC14E-2D39-4807-984D-0C0B888AAAE6}
		{D2734D9E-17B5-4E91-8844-2CA2874B6331} = {F3BAC14E-2D39-4807-984D-0C0B888AAAE6}
		{FFBA51F5-B452-4A85-910F-D2A328275C4D} = {F3BAC14E-2D39-4807-984D-0C0B888AAAE6}
		{EFC41BF1-804C-4120-A0F3-4E8555C45AC5} = {FFBA51F5-B452-4A85-910F-D2A328275C4D}
	EndGlobalSection
EndGlobal
