
Microsoft Visual Studio Solution File, Format Version 12.00
# Visual Studio Version 17
VisualStudioVersion = 17.0.31903.59
MinimumVisualStudioVersion = 10.0.40219.1
Project("{2150E333-8FDC-42A3-9474-1A3956D46DE8}") = "Sources", "Sources", "{06172DFA-4601-41D6-95C8-E6C2ED3DFCD4}"
EndProject
Project("{FAE04EC0-301F-11D3-BF4B-00C04F79EFBC}") = "U8String", "Sources\U8String\U8String.csproj", "{81E066D3-28D5-49E5-A4B8-8FD3C96D4EEA}"
EndProject
Project("{FAE04EC0-301F-11D3-BF4B-00C04F79EFBC}") = "U8String.Tools", "Sources\U8String.Tools\U8String.Tools.csproj", "{2FA720DA-D71C-417B-8F94-61049A973298}"
EndProject
Project("{FAE04EC0-301F-11D3-BF4B-00C04F79EFBC}") = "U8String.Benchmarks", "Benchmarks\U8String.Benchmarks.csproj", "{DA520453-F3E1-4DC1-991A-47D09B784839}"
EndProject
Project("{FAE04EC0-301F-11D3-BF4B-00C04F79EFBC}") = "U8String.Tests", "Tests\U8String.Tests.csproj", "{559FB402-BA09-41BB-81D7-F203BBCB650B}"
EndProject
Global
	GlobalSection(SolutionConfigurationPlatforms) = preSolution
		Debug|Any CPU = Debug|Any CPU
		Release|Any CPU = Release|Any CPU
	EndGlobalSection
	GlobalSection(SolutionProperties) = preSolution
		HideSolutionNode = FALSE
	EndGlobalSection
	GlobalSection(ProjectConfigurationPlatforms) = postSolution
		{81E066D3-28D5-49E5-A4B8-8FD3C96D4EEA}.Debug|Any CPU.ActiveCfg = Debug|Any CPU
		{81E066D3-28D5-49E5-A4B8-8FD3C96D4EEA}.Debug|Any CPU.Build.0 = Debug|Any CPU
		{81E066D3-28D5-49E5-A4B8-8FD3C96D4EEA}.Release|Any CPU.ActiveCfg = Release|Any CPU
		{81E066D3-28D5-49E5-A4B8-8FD3C96D4EEA}.Release|Any CPU.Build.0 = Release|Any CPU
		{2FA720DA-D71C-417B-8F94-61049A973298}.Debug|Any CPU.ActiveCfg = Debug|Any CPU
		{2FA720DA-D71C-417B-8F94-61049A973298}.Debug|Any CPU.Build.0 = Debug|Any CPU
		{2FA720DA-D71C-417B-8F94-61049A973298}.Release|Any CPU.ActiveCfg = Release|Any CPU
		{2FA720DA-D71C-417B-8F94-61049A973298}.Release|Any CPU.Build.0 = Release|Any CPU
		{DA520453-F3E1-4DC1-991A-47D09B784839}.Debug|Any CPU.ActiveCfg = Debug|Any CPU
		{DA520453-F3E1-4DC1-991A-47D09B784839}.Debug|Any CPU.Build.0 = Debug|Any CPU
		{DA520453-F3E1-4DC1-991A-47D09B784839}.Release|Any CPU.ActiveCfg = Release|Any CPU
		{DA520453-F3E1-4DC1-991A-47D09B784839}.Release|Any CPU.Build.0 = Release|Any CPU
		{559FB402-BA09-41BB-81D7-F203BBCB650B}.Debug|Any CPU.ActiveCfg = Debug|Any CPU
		{559FB402-BA09-41BB-81D7-F203BBCB650B}.Debug|Any CPU.Build.0 = Debug|Any CPU
		{559FB402-BA09-41BB-81D7-F203BBCB650B}.Release|Any CPU.ActiveCfg = Release|Any CPU
		{559FB402-BA09-41BB-81D7-F203BBCB650B}.Release|Any CPU.Build.0 = Release|Any CPU
	EndGlobalSection
	GlobalSection(NestedProjects) = preSolution
		{81E066D3-28D5-49E5-A4B8-8FD3C96D4EEA} = {06172DFA-4601-41D6-95C8-E6C2ED3DFCD4}
		{2FA720DA-D71C-417B-8F94-61049A973298} = {06172DFA-4601-41D6-95C8-E6C2ED3DFCD4}
	EndGlobalSection
EndGlobal
